// !$*UTF8*$!
{
	archiveVersion = 1;
	classes = {
	};
	objectVersion = 46;
	objects = {

/* Begin PBXBuildFile section */
		4433FF861DE52D4600733764 /* AppDelegate.swift in Sources */ = {isa = PBXBuildFile; fileRef = 4433FF851DE52D4600733764 /* AppDelegate.swift */; };
		4433FF881DE52D4600733764 /* ViewController.swift in Sources */ = {isa = PBXBuildFile; fileRef = 4433FF871DE52D4600733764 /* ViewController.swift */; };
		4433FF8B1DE52D4600733764 /* Main.storyboard in Resources */ = {isa = PBXBuildFile; fileRef = 4433FF891DE52D4600733764 /* Main.storyboard */; };
		4433FF8D1DE52D4600733764 /* Assets.xcassets in Resources */ = {isa = PBXBuildFile; fileRef = 4433FF8C1DE52D4600733764 /* Assets.xcassets */; };
		4433FF901DE52D4600733764 /* LaunchScreen.storyboard in Resources */ = {isa = PBXBuildFile; fileRef = 4433FF8E1DE52D4600733764 /* LaunchScreen.storyboard */; };
		4433FF981DE52F4C00733764 /* GoogleService-Info.plist in Resources */ = {isa = PBXBuildFile; fileRef = 4433FF971DE52F4C00733764 /* GoogleService-Info.plist */; };
		4433FFAB1DE534C900733764 /* GeoFire.m in Sources */ = {isa = PBXBuildFile; fileRef = 4433FFA21DE534C900733764 /* GeoFire.m */; };
		4433FFAC1DE534C900733764 /* GFBase32Utils.m in Sources */ = {isa = PBXBuildFile; fileRef = 4433FFA41DE534C900733764 /* GFBase32Utils.m */; };
		4433FFAD1DE534C900733764 /* GFGeoHash.m in Sources */ = {isa = PBXBuildFile; fileRef = 4433FFA61DE534C900733764 /* GFGeoHash.m */; };
		4433FFAE1DE534C900733764 /* GFGeoHashQuery.m in Sources */ = {isa = PBXBuildFile; fileRef = 4433FFA81DE534C900733764 /* GFGeoHashQuery.m */; };
		4433FFAF1DE534C900733764 /* GFQuery.m in Sources */ = {isa = PBXBuildFile; fileRef = 4433FFAA1DE534C900733764 /* GFQuery.m */; };
		445EADFB1DEA721300055615 /* PokeAnnotation.swift in Sources */ = {isa = PBXBuildFile; fileRef = 445EADFA1DEA721300055615 /* PokeAnnotation.swift */; };
		7C777255CB53526D4DF8292E /* Pods_PokeFinder.framework in Frameworks */ = {isa = PBXBuildFile; fileRef = 7A3DA5CAF9EE76DFCBACA50E /* Pods_PokeFinder.framework */; };
/* End PBXBuildFile section */

/* Begin PBXFileReference section */
		382FB4548BF970EF537E81F5 /* Pods-PokeFinder.release.xcconfig */ = {isa = PBXFileReference; includeInIndex = 1; lastKnownFileType = text.xcconfig; name = "Pods-PokeFinder.release.xcconfig"; path = "Pods/Target Support Files/Pods-PokeFinder/Pods-PokeFinder.release.xcconfig"; sourceTree = "<group>"; };
		4433FF821DE52D4600733764 /* PokeFinder.app */ = {isa = PBXFileReference; explicitFileType = wrapper.application; includeInIndex = 0; path = PokeFinder.app; sourceTree = BUILT_PRODUCTS_DIR; };
		4433FF851DE52D4600733764 /* AppDelegate.swift */ = {isa = PBXFileReference; lastKnownFileType = sourcecode.swift; path = AppDelegate.swift; sourceTree = "<group>"; };
		4433FF871DE52D4600733764 /* ViewController.swift */ = {isa = PBXFileReference; lastKnownFileType = sourcecode.swift; name = ViewController.swift; path = ../ViewController.swift; sourceTree = "<group>"; };
		4433FF8A1DE52D4600733764 /* Base */ = {isa = PBXFileReference; lastKnownFileType = file.storyboard; name = Base; path = Base.lproj/Main.storyboard; sourceTree = "<group>"; };
		4433FF8C1DE52D4600733764 /* Assets.xcassets */ = {isa = PBXFileReference; lastKnownFileType = folder.assetcatalog; path = Assets.xcassets; sourceTree = "<group>"; };
		4433FF8F1DE52D4600733764 /* Base */ = {isa = PBXFileReference; lastKnownFileType = file.storyboard; name = Base; path = Base.lproj/LaunchScreen.storyboard; sourceTree = "<group>"; };
		4433FF911DE52D4600733764 /* Info.plist */ = {isa = PBXFileReference; lastKnownFileType = text.plist.xml; path = Info.plist; sourceTree = "<group>"; };
		4433FF971DE52F4C00733764 /* GoogleService-Info.plist */ = {isa = PBXFileReference; fileEncoding = 4; lastKnownFileType = text.plist.xml; path = "GoogleService-Info.plist"; sourceTree = "<group>"; };
		4433FF9B1DE534C900733764 /* GeoFire.h */ = {isa = PBXFileReference; fileEncoding = 4; lastKnownFileType = sourcecode.c.h; path = GeoFire.h; sourceTree = "<group>"; };
		4433FF9C1DE534C900733764 /* GFCircleQuery.h */ = {isa = PBXFileReference; fileEncoding = 4; lastKnownFileType = sourcecode.c.h; path = GFCircleQuery.h; sourceTree = "<group>"; };
		4433FF9D1DE534C900733764 /* GFQuery.h */ = {isa = PBXFileReference; fileEncoding = 4; lastKnownFileType = sourcecode.c.h; path = GFQuery.h; sourceTree = "<group>"; };
		4433FF9E1DE534C900733764 /* GFRegionQuery.h */ = {isa = PBXFileReference; fileEncoding = 4; lastKnownFileType = sourcecode.c.h; path = GFRegionQuery.h; sourceTree = "<group>"; };
		4433FF9F1DE534C900733764 /* GeoFire-Prefix.pch */ = {isa = PBXFileReference; fileEncoding = 4; lastKnownFileType = sourcecode.c.h; path = "GeoFire-Prefix.pch"; sourceTree = "<group>"; };
		4433FFA11DE534C900733764 /* GeoFire+Private.h */ = {isa = PBXFileReference; fileEncoding = 4; lastKnownFileType = sourcecode.c.h; path = "GeoFire+Private.h"; sourceTree = "<group>"; };
		4433FFA21DE534C900733764 /* GeoFire.m */ = {isa = PBXFileReference; fileEncoding = 4; lastKnownFileType = sourcecode.c.objc; path = GeoFire.m; sourceTree = "<group>"; };
		4433FFA31DE534C900733764 /* GFBase32Utils.h */ = {isa = PBXFileReference; fileEncoding = 4; lastKnownFileType = sourcecode.c.h; path = GFBase32Utils.h; sourceTree = "<group>"; };
		4433FFA41DE534C900733764 /* GFBase32Utils.m */ = {isa = PBXFileReference; fileEncoding = 4; lastKnownFileType = sourcecode.c.objc; path = GFBase32Utils.m; sourceTree = "<group>"; };
		4433FFA51DE534C900733764 /* GFGeoHash.h */ = {isa = PBXFileReference; fileEncoding = 4; lastKnownFileType = sourcecode.c.h; path = GFGeoHash.h; sourceTree = "<group>"; };
		4433FFA61DE534C900733764 /* GFGeoHash.m */ = {isa = PBXFileReference; fileEncoding = 4; lastKnownFileType = sourcecode.c.objc; path = GFGeoHash.m; sourceTree = "<group>"; };
		4433FFA71DE534C900733764 /* GFGeoHashQuery.h */ = {isa = PBXFileReference; fileEncoding = 4; lastKnownFileType = sourcecode.c.h; path = GFGeoHashQuery.h; sourceTree = "<group>"; };
		4433FFA81DE534C900733764 /* GFGeoHashQuery.m */ = {isa = PBXFileReference; fileEncoding = 4; lastKnownFileType = sourcecode.c.objc; path = GFGeoHashQuery.m; sourceTree = "<group>"; };
		4433FFA91DE534C900733764 /* GFQuery+Private.h */ = {isa = PBXFileReference; fileEncoding = 4; lastKnownFileType = sourcecode.c.h; path = "GFQuery+Private.h"; sourceTree = "<group>"; };
		4433FFAA1DE534C900733764 /* GFQuery.m */ = {isa = PBXFileReference; fileEncoding = 4; lastKnownFileType = sourcecode.c.objc; path = GFQuery.m; sourceTree = "<group>"; };
		4433FFB01DE5362900733764 /* PokeFinder-Bridging-Header.h */ = {isa = PBXFileReference; fileEncoding = 4; lastKnownFileType = sourcecode.c.h; path = "PokeFinder-Bridging-Header.h"; sourceTree = "<group>"; };
		445EADFA1DEA721300055615 /* PokeAnnotation.swift */ = {isa = PBXFileReference; fileEncoding = 4; lastKnownFileType = sourcecode.swift; path = PokeAnnotation.swift; sourceTree = "<group>"; };
		7A3DA5CAF9EE76DFCBACA50E /* Pods_PokeFinder.framework */ = {isa = PBXFileReference; explicitFileType = wrapper.framework; includeInIndex = 0; path = Pods_PokeFinder.framework; sourceTree = BUILT_PRODUCTS_DIR; };
		EE9E373541C2A64C1F752A8D /* Pods-PokeFinder.debug.xcconfig */ = {isa = PBXFileReference; includeInIndex = 1; lastKnownFileType = text.xcconfig; name = "Pods-PokeFinder.debug.xcconfig"; path = "Pods/Target Support Files/Pods-PokeFinder/Pods-PokeFinder.debug.xcconfig"; sourceTree = "<group>"; };
/* End PBXFileReference section */

/* Begin PBXFrameworksBuildPhase section */
		4433FF7F1DE52D4600733764 /* Frameworks */ = {
			isa = PBXFrameworksBuildPhase;
			buildActionMask = 2147483647;
			files = (
				7C777255CB53526D4DF8292E /* Pods_PokeFinder.framework in Frameworks */,
			);
			runOnlyForDeploymentPostprocessing = 0;
		};
/* End PBXFrameworksBuildPhase section */

/* Begin PBXGroup section */
		005D1C0788933DB89DB1ED29 /* Pods */ = {
			isa = PBXGroup;
			children = (
				EE9E373541C2A64C1F752A8D /* Pods-PokeFinder.debug.xcconfig */,
				382FB4548BF970EF537E81F5 /* Pods-PokeFinder.release.xcconfig */,
			);
			name = Pods;
			sourceTree = "<group>";
		};
		06648A38F83AA587D8070F04 /* Frameworks */ = {
			isa = PBXGroup;
			children = (
				7A3DA5CAF9EE76DFCBACA50E /* Pods_PokeFinder.framework */,
			);
			name = Frameworks;
			sourceTree = "<group>";
		};
		4433FF791DE52D4600733764 = {
			isa = PBXGroup;
			children = (
				4433FF841DE52D4600733764 /* PokeFinder */,
				4433FF831DE52D4600733764 /* Products */,
				005D1C0788933DB89DB1ED29 /* Pods */,
				06648A38F83AA587D8070F04 /* Frameworks */,
			);
			sourceTree = "<group>";
		};
		4433FF831DE52D4600733764 /* Products */ = {
			isa = PBXGroup;
			children = (
				4433FF821DE52D4600733764 /* PokeFinder.app */,
			);
			name = Products;
			sourceTree = "<group>";
		};
		4433FF841DE52D4600733764 /* PokeFinder */ = {
			isa = PBXGroup;
			children = (
				445EADF81DEA717800055615 /* Controller */,
				445EADF91DEA718000055615 /* Model */,
				4433FF991DE534C900733764 /* GeoFire */,
				4433FF851DE52D4600733764 /* AppDelegate.swift */,
				4433FFB01DE5362900733764 /* PokeFinder-Bridging-Header.h */,
				4433FF891DE52D4600733764 /* Main.storyboard */,
				4433FF8E1DE52D4600733764 /* LaunchScreen.storyboard */,
				4433FF911DE52D4600733764 /* Info.plist */,
				4433FF971DE52F4C00733764 /* GoogleService-Info.plist */,
				4433FF8C1DE52D4600733764 /* Assets.xcassets */,
			);
			path = PokeFinder;
			sourceTree = "<group>";
		};
		4433FF991DE534C900733764 /* GeoFire */ = {
			isa = PBXGroup;
			children = (
				4433FF9A1DE534C900733764 /* API */,
				4433FFA01DE534C900733764 /* Implementation */,
				4433FF9F1DE534C900733764 /* GeoFire-Prefix.pch */,
			);
			path = GeoFire;
			sourceTree = "<group>";
		};
		4433FF9A1DE534C900733764 /* API */ = {
			isa = PBXGroup;
			children = (
				4433FF9B1DE534C900733764 /* GeoFire.h */,
				4433FF9C1DE534C900733764 /* GFCircleQuery.h */,
				4433FF9D1DE534C900733764 /* GFQuery.h */,
				4433FF9E1DE534C900733764 /* GFRegionQuery.h */,
			);
			path = API;
			sourceTree = "<group>";
		};
		4433FFA01DE534C900733764 /* Implementation */ = {
			isa = PBXGroup;
			children = (
				4433FFA11DE534C900733764 /* GeoFire+Private.h */,
				4433FFA21DE534C900733764 /* GeoFire.m */,
				4433FFA31DE534C900733764 /* GFBase32Utils.h */,
				4433FFA41DE534C900733764 /* GFBase32Utils.m */,
				4433FFA51DE534C900733764 /* GFGeoHash.h */,
				4433FFA61DE534C900733764 /* GFGeoHash.m */,
				4433FFA71DE534C900733764 /* GFGeoHashQuery.h */,
				4433FFA81DE534C900733764 /* GFGeoHashQuery.m */,
				4433FFA91DE534C900733764 /* GFQuery+Private.h */,
				4433FFAA1DE534C900733764 /* GFQuery.m */,
			);
			path = Implementation;
			sourceTree = "<group>";
		};
		445EADF81DEA717800055615 /* Controller */ = {
			isa = PBXGroup;
			children = (
				4433FF871DE52D4600733764 /* ViewController.swift */,
			);
			name = Controller;
			path = GeoFire;
			sourceTree = "<group>";
		};
		445EADF91DEA718000055615 /* Model */ = {
			isa = PBXGroup;
			children = (
				445EADFA1DEA721300055615 /* PokeAnnotation.swift */,
			);
			name = Model;
			path = GeoFire;
			sourceTree = "<group>";
		};
/* End PBXGroup section */

/* Begin PBXNativeTarget section */
		4433FF811DE52D4600733764 /* PokeFinder */ = {
			isa = PBXNativeTarget;
			buildConfigurationList = 4433FF941DE52D4600733764 /* Build configuration list for PBXNativeTarget "PokeFinder" */;
			buildPhases = (
				3C80B75F551D571D60154C10 /* [CP] Check Pods Manifest.lock */,
				4433FF7E1DE52D4600733764 /* Sources */,
				4433FF7F1DE52D4600733764 /* Frameworks */,
				4433FF801DE52D4600733764 /* Resources */,
				F6954C737E3FE9C69454BC52 /* [CP] Embed Pods Frameworks */,
				5E24DFAFDE63C5C7BD65AA37 /* [CP] Copy Pods Resources */,
			);
			buildRules = (
			);
			dependencies = (
			);
			name = PokeFinder;
			productName = PokeFinder;
			productReference = 4433FF821DE52D4600733764 /* PokeFinder.app */;
			productType = "com.apple.product-type.application";
		};
/* End PBXNativeTarget section */

/* Begin PBXProject section */
		4433FF7A1DE52D4600733764 /* Project object */ = {
			isa = PBXProject;
			attributes = {
				LastSwiftUpdateCheck = 0810;
				LastUpgradeCheck = 0810;
				ORGANIZATIONNAME = "Evgeny Shkuratov";
				TargetAttributes = {
					4433FF811DE52D4600733764 = {
						CreatedOnToolsVersion = 8.1;
						DevelopmentTeam = 6M25Y2RLSL;
						ProvisioningStyle = Automatic;
					};
				};
			};
			buildConfigurationList = 4433FF7D1DE52D4600733764 /* Build configuration list for PBXProject "PokeFinder" */;
			compatibilityVersion = "Xcode 3.2";
			developmentRegion = English;
			hasScannedForEncodings = 0;
			knownRegions = (
				en,
				Base,
			);
			mainGroup = 4433FF791DE52D4600733764;
			productRefGroup = 4433FF831DE52D4600733764 /* Products */;
			projectDirPath = "";
			projectRoot = "";
			targets = (
				4433FF811DE52D4600733764 /* PokeFinder */,
			);
		};
/* End PBXProject section */

/* Begin PBXResourcesBuildPhase section */
		4433FF801DE52D4600733764 /* Resources */ = {
			isa = PBXResourcesBuildPhase;
			buildActionMask = 2147483647;
			files = (
				4433FF901DE52D4600733764 /* LaunchScreen.storyboard in Resources */,
				4433FF981DE52F4C00733764 /* GoogleService-Info.plist in Resources */,
				4433FF8D1DE52D4600733764 /* Assets.xcassets in Resources */,
				4433FF8B1DE52D4600733764 /* Main.storyboard in Resources */,
			);
			runOnlyForDeploymentPostprocessing = 0;
		};
/* End PBXResourcesBuildPhase section */

/* Begin PBXShellScriptBuildPhase section */
		3C80B75F551D571D60154C10 /* [CP] Check Pods Manifest.lock */ = {
			isa = PBXShellScriptBuildPhase;
			buildActionMask = 2147483647;
			files = (
			);
			inputPaths = (
			);
			name = "[CP] Check Pods Manifest.lock";
			outputPaths = (
			);
			runOnlyForDeploymentPostprocessing = 0;
			shellPath = /bin/sh;
			shellScript = "diff \"${PODS_ROOT}/../Podfile.lock\" \"${PODS_ROOT}/Manifest.lock\" > /dev/null\nif [ $? != 0 ] ; then\n    # print error to STDERR\n    echo \"error: The sandbox is not in sync with the Podfile.lock. Run 'pod install' or update your CocoaPods installation.\" >&2\n    exit 1\nfi\n";
			showEnvVarsInLog = 0;
		};
		5E24DFAFDE63C5C7BD65AA37 /* [CP] Copy Pods Resources */ = {
			isa = PBXShellScriptBuildPhase;
			buildActionMask = 2147483647;
			files = (
			);
			inputPaths = (
			);
			name = "[CP] Copy Pods Resources";
			outputPaths = (
			);
			runOnlyForDeploymentPostprocessing = 0;
			shellPath = /bin/sh;
			shellScript = "\"${SRCROOT}/Pods/Target Support Files/Pods-PokeFinder/Pods-PokeFinder-resources.sh\"\n";
			showEnvVarsInLog = 0;
		};
		F6954C737E3FE9C69454BC52 /* [CP] Embed Pods Frameworks */ = {
			isa = PBXShellScriptBuildPhase;
			buildActionMask = 2147483647;
			files = (
			);
			inputPaths = (
			);
			name = "[CP] Embed Pods Frameworks";
			outputPaths = (
			);
			runOnlyForDeploymentPostprocessing = 0;
			shellPath = /bin/sh;
			shellScript = "\"${SRCROOT}/Pods/Target Support Files/Pods-PokeFinder/Pods-PokeFinder-frameworks.sh\"\n";
			showEnvVarsInLog = 0;
		};
/* End PBXShellScriptBuildPhase section */

/* Begin PBXSourcesBuildPhase section */
		4433FF7E1DE52D4600733764 /* Sources */ = {
			isa = PBXSourcesBuildPhase;
			buildActionMask = 2147483647;
			files = (
				4433FFAC1DE534C900733764 /* GFBase32Utils.m in Sources */,
				445EADFB1DEA721300055615 /* PokeAnnotation.swift in Sources */,
				4433FF881DE52D4600733764 /* ViewController.swift in Sources */,
				4433FFAD1DE534C900733764 /* GFGeoHash.m in Sources */,
				4433FF861DE52D4600733764 /* AppDelegate.swift in Sources */,
				4433FFAB1DE534C900733764 /* GeoFire.m in Sources */,
				4433FFAE1DE534C900733764 /* GFGeoHashQuery.m in Sources */,
				4433FFAF1DE534C900733764 /* GFQuery.m in Sources */,
			);
			runOnlyForDeploymentPostprocessing = 0;
		};
/* End PBXSourcesBuildPhase section */

/* Begin PBXVariantGroup section */
		4433FF891DE52D4600733764 /* Main.storyboard */ = {
			isa = PBXVariantGroup;
			children = (
				4433FF8A1DE52D4600733764 /* Base */,
			);
			name = Main.storyboard;
			sourceTree = "<group>";
		};
		4433FF8E1DE52D4600733764 /* LaunchScreen.storyboard */ = {
			isa = PBXVariantGroup;
			children = (
				4433FF8F1DE52D4600733764 /* Base */,
			);
			name = LaunchScreen.storyboard;
			sourceTree = "<group>";
		};
/* End PBXVariantGroup section */

/* Begin XCBuildConfiguration section */
		4433FF921DE52D4600733764 /* Debug */ = {
			isa = XCBuildConfiguration;
			buildSettings = {
				ALWAYS_SEARCH_USER_PATHS = NO;
				CLANG_ANALYZER_NONNULL = YES;
				CLANG_CXX_LANGUAGE_STANDARD = "gnu++0x";
				CLANG_CXX_LIBRARY = "libc++";
				CLANG_ENABLE_MODULES = YES;
				CLANG_ENABLE_OBJC_ARC = YES;
				CLANG_WARN_BOOL_CONVERSION = YES;
				CLANG_WARN_CONSTANT_CONVERSION = YES;
				CLANG_WARN_DIRECT_OBJC_ISA_USAGE = YES_ERROR;
				CLANG_WARN_DOCUMENTATION_COMMENTS = YES;
				CLANG_WARN_EMPTY_BODY = YES;
				CLANG_WARN_ENUM_CONVERSION = YES;
				CLANG_WARN_INFINITE_RECURSION = YES;
				CLANG_WARN_INT_CONVERSION = YES;
				CLANG_WARN_OBJC_ROOT_CLASS = YES_ERROR;
				CLANG_WARN_SUSPICIOUS_MOVES = YES;
				CLANG_WARN_UNREACHABLE_CODE = YES;
				CLANG_WARN__DUPLICATE_METHOD_MATCH = YES;
				"CODE_SIGN_IDENTITY[sdk=iphoneos*]" = "iPhone Developer";
				COPY_PHASE_STRIP = NO;
				DEBUG_INFORMATION_FORMAT = dwarf;
				ENABLE_STRICT_OBJC_MSGSEND = YES;
				ENABLE_TESTABILITY = YES;
				GCC_C_LANGUAGE_STANDARD = gnu99;
				GCC_DYNAMIC_NO_PIC = NO;
				GCC_NO_COMMON_BLOCKS = YES;
				GCC_OPTIMIZATION_LEVEL = 0;
				GCC_PREPROCESSOR_DEFINITIONS = (
					"DEBUG=1",
					"$(inherited)",
				);
				GCC_WARN_64_TO_32_BIT_CONVERSION = YES;
				GCC_WARN_ABOUT_RETURN_TYPE = YES_ERROR;
				GCC_WARN_UNDECLARED_SELECTOR = YES;
				GCC_WARN_UNINITIALIZED_AUTOS = YES_AGGRESSIVE;
				GCC_WARN_UNUSED_FUNCTION = YES;
				GCC_WARN_UNUSED_VARIABLE = YES;
				IPHONEOS_DEPLOYMENT_TARGET = 10.1;
				MTL_ENABLE_DEBUG_INFO = YES;
				ONLY_ACTIVE_ARCH = YES;
				SDKROOT = iphoneos;
				SWIFT_ACTIVE_COMPILATION_CONDITIONS = DEBUG;
				SWIFT_OPTIMIZATION_LEVEL = "-Onone";
				TARGETED_DEVICE_FAMILY = "1,2";
			};
			name = Debug;
		};
		4433FF931DE52D4600733764 /* Release */ = {
			isa = XCBuildConfiguration;
			buildSettings = {
				ALWAYS_SEARCH_USER_PATHS = NO;
				CLANG_ANALYZER_NONNULL = YES;
				CLANG_CXX_LANGUAGE_STANDARD = "gnu++0x";
				CLANG_CXX_LIBRARY = "libc++";
				CLANG_ENABLE_MODULES = YES;
				CLANG_ENABLE_OBJC_ARC = YES;
				CLANG_WARN_BOOL_CONVERSION = YES;
				CLANG_WARN_CONSTANT_CONVERSION = YES;
				CLANG_WARN_DIRECT_OBJC_ISA_USAGE = YES_ERROR;
				CLANG_WARN_DOCUMENTATION_COMMENTS = YES;
				CLANG_WARN_EMPTY_BODY = YES;
				CLANG_WARN_ENUM_CONVERSION = YES;
				CLANG_WARN_INFINITE_RECURSION = YES;
				CLANG_WARN_INT_CONVERSION = YES;
				CLANG_WARN_OBJC_ROOT_CLASS = YES_ERROR;
				CLANG_WARN_SUSPICIOUS_MOVES = YES;
				CLANG_WARN_UNREACHABLE_CODE = YES;
				CLANG_WARN__DUPLICATE_METHOD_MATCH = YES;
				"CODE_SIGN_IDENTITY[sdk=iphoneos*]" = "iPhone Developer";
				COPY_PHASE_STRIP = NO;
				DEBUG_INFORMATION_FORMAT = "dwarf-with-dsym";
				ENABLE_NS_ASSERTIONS = NO;
				ENABLE_STRICT_OBJC_MSGSEND = YES;
				GCC_C_LANGUAGE_STANDARD = gnu99;
				GCC_NO_COMMON_BLOCKS = YES;
				GCC_WARN_64_TO_32_BIT_CONVERSION = YES;
				GCC_WARN_ABOUT_RETURN_TYPE = YES_ERROR;
				GCC_WARN_UNDECLARED_SELECTOR = YES;
				GCC_WARN_UNINITIALIZED_AUTOS = YES_AGGRESSIVE;
				GCC_WARN_UNUSED_FUNCTION = YES;
				GCC_WARN_UNUSED_VARIABLE = YES;
				IPHONEOS_DEPLOYMENT_TARGET = 10.1;
				MTL_ENABLE_DEBUG_INFO = NO;
				SDKROOT = iphoneos;
				SWIFT_OPTIMIZATION_LEVEL = "-Owholemodule";
				TARGETED_DEVICE_FAMILY = "1,2";
				VALIDATE_PRODUCT = YES;
			};
			name = Release;
		};
		4433FF951DE52D4600733764 /* Debug */ = {
			isa = XCBuildConfiguration;
			baseConfigurationReference = EE9E373541C2A64C1F752A8D /* Pods-PokeFinder.debug.xcconfig */;
			buildSettings = {
				ASSETCATALOG_COMPILER_APPICON_NAME = AppIcon;
				DEVELOPMENT_TEAM = 6M25Y2RLSL;
				INFOPLIST_FILE = PokeFinder/Info.plist;
				LD_RUNPATH_SEARCH_PATHS = "$(inherited) @executable_path/Frameworks";
				PRODUCT_BUNDLE_IDENTIFIER = com.eeboxapps.PokeFinder;
				PRODUCT_NAME = "$(TARGET_NAME)";
				SWIFT_OBJC_BRIDGING_HEADER = "PokeFinder/PokeFinder-Bridging-Header.h";
				SWIFT_VERSION = 3.0;
			};
			name = Debug;
		};
		4433FF961DE52D4600733764 /* Release */ = {
			isa = XCBuildConfiguration;
			baseConfigurationReference = 382FB4548BF970EF537E81F5 /* Pods-PokeFinder.release.xcconfig */;
			buildSettings = {
				ASSETCATALOG_COMPILER_APPICON_NAME = AppIcon;
				DEVELOPMENT_TEAM = 6M25Y2RLSL;
				INFOPLIST_FILE = PokeFinder/Info.plist;
				LD_RUNPATH_SEARCH_PATHS = "$(inherited) @executable_path/Frameworks";
				PRODUCT_BUNDLE_IDENTIFIER = com.eeboxapps.PokeFinder;
				PRODUCT_NAME = "$(TARGET_NAME)";
				SWIFT_OBJC_BRIDGING_HEADER = "PokeFinder/PokeFinder-Bridging-Header.h";
				SWIFT_VERSION = 3.0;
			};
			name = Release;
		};
/* End XCBuildConfiguration section */

/* Begin XCConfigurationList section */
		4433FF7D1DE52D4600733764 /* Build configuration list for PBXProject "PokeFinder" */ = {
			isa = XCConfigurationList;
			buildConfigurations = (
				4433FF921DE52D4600733764 /* Debug */,
				4433FF931DE52D4600733764 /* Release */,
			);
			defaultConfigurationIsVisible = 0;
			defaultConfigurationName = Release;
		};
		4433FF941DE52D4600733764 /* Build configuration list for PBXNativeTarget "PokeFinder" */ = {
			isa = XCConfigurationList;
			buildConfigurations = (
				4433FF951DE52D4600733764 /* Debug */,
				4433FF961DE52D4600733764 /* Release */,
			);
			defaultConfigurationIsVisible = 0;
			defaultConfigurationName = Release;
		};
/* End XCConfigurationList section */
	};
	rootObject = 4433FF7A1DE52D4600733764 /* Project object */;
}
